
Microsoft Visual Studio Solution File, Format Version 12.00
# Visual Studio Version 16
VisualStudioVersion = 16.0.31410.357
MinimumVisualStudioVersion = 10.0.40219.1
Project("{FAE04EC0-301F-11D3-BF4B-00C04F79EFBC}") = "AlgorithmHW", "AlgorithmHW.csproj", "{23132629-A8F9-473D-8EBE-F9D4A9FC66BC}"
EndProject
Global
	GlobalSection(SolutionConfigurationPlatforms) = preSolution
		Debug|Any CPU = Debug|Any CPU
		Release|Any CPU = Release|Any CPU
	EndGlobalSection
	GlobalSection(ProjectConfigurationPlatforms) = postSolution
		{23132629-A8F9-473D-8EBE-F9D4A9FC66BC}.Debug|Any CPU.ActiveCfg = Debug|Any CPU
		{23132629-A8F9-473D-8EBE-F9D4A9FC66BC}.Debug|Any CPU.Build.0 = Debug|Any CPU
		{23132629-A8F9-473D-8EBE-F9D4A9FC66BC}.Release|Any CPU.ActiveCfg = Release|Any CPU
		{23132629-A8F9-473D-8EBE-F9D4A9FC66BC}.Release|Any CPU.Build.0 = Release|Any CPU
	EndGlobalSection
	GlobalSection(SolutionProperties) = preSolution
		HideSolutionNode = FALSE
	EndGlobalSection
	GlobalSection(ExtensibilityGlobals) = postSolution
		SolutionGuid = {C2995511-5A58-408B-9E80-96E41C27016A}
	EndGlobalSection
EndGlobal
